
Microsoft Visual Studio Solution File, Format Version 12.00
# Visual Studio 15
VisualStudioVersion = 15.0.26124.0
MinimumVisualStudioVersion = 15.0.26124.0
Project("{9A19103F-16F7-4668-BE54-9A1E7A4F7556}") = "R5T.Peristeria.Default.Construction", "R5T.Peristeria.Default.Construction\R5T.Peristeria.Default.Construction.csproj", "{D8517C26-EBEC-456D-8369-6F600CE8B991}"
EndProject
Project("{9A19103F-16F7-4668-BE54-9A1E7A4F7556}") = "R5T.Peristeria.Default", "R5T.Peristeria.Default\R5T.Peristeria.Default.csproj", "{CB017313-38B3-4D82-BFFE-EDA5D23EB621}"
EndProject
Project("{9A19103F-16F7-4668-BE54-9A1E7A4F7556}") = "R5T.Peristeria.Default.Testing", "R5T.Peristeria.Default.Testing\R5T.Peristeria.Default.Testing.csproj", "{5D4A74EE-3D3A-4505-AA6A-171A03F8BA1F}"
EndProject
Project("{2150E333-8FDC-42A3-9474-1A3956D46DE8}") = "_Dependencies", "_Dependencies", "{04A56FE3-53AE-4DBA-B769-98FA7FDDABEB}"
EndProject
Project("{9A19103F-16F7-4668-BE54-9A1E7A4F7556}") = "R5T.Peristeria.Base", "..\..\R5T.Peristeria.Base\source\R5T.Peristeria.Base\R5T.Peristeria.Base.csproj", "{345A35EA-9353-472B-B226-57890F7B7DB0}"
EndProject
Global
	GlobalSection(SolutionConfigurationPlatforms) = preSolution
		Debug|Any CPU = Debug|Any CPU
		Debug|x64 = Debug|x64
		Debug|x86 = Debug|x86
		Release|Any CPU = Release|Any CPU
		Release|x64 = Release|x64
		Release|x86 = Release|x86
	EndGlobalSection
	GlobalSection(ProjectConfigurationPlatforms) = postSolution
		{D8517C26-EBEC-456D-8369-6F600CE8B991}.Debug|Any CPU.ActiveCfg = Debug|Any CPU
		{D8517C26-EBEC-456D-8369-6F600CE8B991}.Debug|Any CPU.Build.0 = Debug|Any CPU
		{D8517C26-EBEC-456D-8369-6F600CE8B991}.Debug|x64.ActiveCfg = Debug|Any CPU
		{D8517C26-EBEC-456D-8369-6F600CE8B991}.Debug|x64.Build.0 = Debug|Any CPU
		{D8517C26-EBEC-456D-8369-6F600CE8B991}.Debug|x86.ActiveCfg = Debug|Any CPU
		{D8517C26-EBEC-456D-8369-6F600CE8B991}.Debug|x86.Build.0 = Debug|Any CPU
		{D8517C26-EBEC-456D-8369-6F600CE8B991}.Release|Any CPU.ActiveCfg = Release|Any CPU
		{D8517C26-EBEC-456D-8369-6F600CE8B991}.Release|Any CPU.Build.0 = Release|Any CPU
		{D8517C26-EBEC-456D-8369-6F600CE8B991}.Release|x64.ActiveCfg = Release|Any CPU
		{D8517C26-EBEC-456D-8369-6F600CE8B991}.Release|x64.Build.0 = Release|Any CPU
		{D8517C26-EBEC-456D-8369-6F600CE8B991}.Release|x86.ActiveCfg = Release|Any CPU
		{D8517C26-EBEC-456D-8369-6F600CE8B991}.Release|x86.Build.0 = Release|Any CPU
		{CB017313-38B3-4D82-BFFE-EDA5D23EB621}.Debug|Any CPU.ActiveCfg = Debug|Any CPU
		{CB017313-38B3-4D82-BFFE-EDA5D23EB621}.Debug|Any CPU.Build.0 = Debug|Any CPU
		{CB017313-38B3-4D82-BFFE-EDA5D23EB621}.Debug|x64.ActiveCfg = Debug|Any CPU
		{CB017313-38B3-4D82-BFFE-EDA5D23EB621}.Debug|x64.Build.0 = Debug|Any CPU
		{CB017313-38B3-4D82-BFFE-EDA5D23EB621}.Debug|x86.ActiveCfg = Debug|Any CPU
		{CB017313-38B3-4D82-BFFE-EDA5D23EB621}.Debug|x86.Build.0 = Debug|Any CPU
		{CB017313-38B3-4D82-BFFE-EDA5D23EB621}.Release|Any CPU.ActiveCfg = Release|Any CPU
		{CB017313-38B3-4D82-BFFE-EDA5D23EB621}.Release|Any CPU.Build.0 = Release|Any CPU
		{CB017313-38B3-4D82-BFFE-EDA5D23EB621}.Release|x64.ActiveCfg = Release|Any CPU
		{CB017313-38B3-4D82-BFFE-EDA5D23EB621}.Release|x64.Build.0 = Release|Any CPU
		{CB017313-38B3-4D82-BFFE-EDA5D23EB621}.Release|x86.ActiveCfg = Release|Any CPU
		{CB017313-38B3-4D82-BFFE-EDA5D23EB621}.Release|x86.Build.0 = Release|Any CPU
		{5D4A74EE-3D3A-4505-AA6A-171A03F8BA1F}.Debug|Any CPU.ActiveCfg = Debug|Any CPU
		{5D4A74EE-3D3A-4505-AA6A-171A03F8BA1F}.Debug|Any CPU.Build.0 = Debug|Any CPU
		{5D4A74EE-3D3A-4505-AA6A-171A03F8BA1F}.Debug|x64.ActiveCfg = Debug|Any CPU
		{5D4A74EE-3D3A-4505-AA6A-171A03F8BA1F}.Debug|x64.Build.0 = Debug|Any CPU
		{5D4A74EE-3D3A-4505-AA6A-171A03F8BA1F}.Debug|x86.ActiveCfg = Debug|Any CPU
		{5D4A74EE-3D3A-4505-AA6A-171A03F8BA1F}.Debug|x86.Build.0 = Debug|Any CPU
		{5D4A74EE-3D3A-4505-AA6A-171A03F8BA1F}.Release|Any CPU.ActiveCfg = Release|Any CPU
		{5D4A74EE-3D3A-4505-AA6A-171A03F8BA1F}.Release|Any CPU.Build.0 = Release|Any CPU
		{5D4A74EE-3D3A-4505-AA6A-171A03F8BA1F}.Release|x64.ActiveCfg = Release|Any CPU
		{5D4A74EE-3D3A-4505-AA6A-171A03F8BA1F}.Release|x64.Build.0 = Release|Any CPU
		{5D4A74EE-3D3A-4505-AA6A-171A03F8BA1F}.Release|x86.ActiveCfg = Release|Any CPU
		{5D4A74EE-3D3A-4505-AA6A-171A03F8BA1F}.Release|x86.Build.0 = Release|Any CPU
		{345A35EA-9353-472B-B226-57890F7B7DB0}.Debug|Any CPU.ActiveCfg = Debug|Any CPU
		{345A35EA-9353-472B-B226-57890F7B7DB0}.Debug|Any CPU.Build.0 = Debug|Any CPU
		{345A35EA-9353-472B-B226-57890F7B7DB0}.Debug|x64.ActiveCfg = Debug|Any CPU
		{345A35EA-9353-472B-B226-57890F7B7DB0}.Debug|x64.Build.0 = Debug|Any CPU
		{345A35EA-9353-472B-B226-57890F7B7DB0}.Debug|x86.ActiveCfg = Debug|Any CPU
		{345A35EA-9353-472B-B226-57890F7B7DB0}.Debug|x86.Build.0 = Debug|Any CPU
		{345A35EA-9353-472B-B226-57890F7B7DB0}.Release|Any CPU.ActiveCfg = Release|Any CPU
		{345A35EA-9353-472B-B226-57890F7B7DB0}.Release|Any CPU.Build.0 = Release|Any CPU
		{345A35EA-9353-472B-B226-57890F7B7DB0}.Release|x64.ActiveCfg = Release|Any CPU
		{345A35EA-9353-472B-B226-57890F7B7DB0}.Release|x64.Build.0 = Release|Any CPU
		{345A35EA-9353-472B-B226-57890F7B7DB0}.Release|x86.ActiveCfg = Release|Any CPU
		{345A35EA-9353-472B-B226-57890F7B7DB0}.Release|x86.Build.0 = Release|Any CPU
	EndGlobalSection
	GlobalSection(SolutionProperties) = preSolution
		HideSolutionNode = FALSE
	EndGlobalSection
	GlobalSection(NestedProjects) = preSolution
		{345A35EA-9353-472B-B226-57890F7B7DB0} = {04A56FE3-53AE-4DBA-B769-98FA7FDDABEB}
	EndGlobalSection
	GlobalSection(ExtensibilityGlobals) = postSolution
		SolutionGuid = {7E5C0CF8-7480-4E86-9D59-F4247781152B}
	EndGlobalSection
EndGlobal
